
Microsoft Visual Studio Solution File, Format Version 12.00
# Visual Studio Version 17
VisualStudioVersion = 17.2.32516.85
MinimumVisualStudioVersion = 10.0.40219.1
Project("{FAE04EC0-301F-11D3-BF4B-00C04F79EFBC}") = "ConnString", "ConnString\ConnString.csproj", "{E8811C65-FAEB-41DE-BBC4-35174186BF1F}"
EndProject
Global
	GlobalSection(SolutionConfigurationPlatforms) = preSolution
		Debug|Any CPU = Debug|Any CPU
		Release|Any CPU = Release|Any CPU
	EndGlobalSection
	GlobalSection(ProjectConfigurationPlatforms) = postSolution
		{E8811C65-FAEB-41DE-BBC4-35174186BF1F}.Debug|Any CPU.ActiveCfg = Debug|Any CPU
		{E8811C65-FAEB-41DE-BBC4-35174186BF1F}.Debug|Any CPU.Build.0 = Debug|Any CPU
		{E8811C65-FAEB-41DE-BBC4-35174186BF1F}.Release|Any CPU.ActiveCfg = Release|Any CPU
		{E8811C65-FAEB-41DE-BBC4-35174186BF1F}.Release|Any CPU.Build.0 = Release|Any CPU
	EndGlobalSection
	GlobalSection(SolutionProperties) = preSolution
		HideSolutionNode = FALSE
	EndGlobalSection
	GlobalSection(ExtensibilityGlobals) = postSolution
		SolutionGuid = {36F828E1-5C3F-453C-8265-1702F680AC80}
	EndGlobalSection
EndGlobal
